
Microsoft Visual Studio Solution File, Format Version 12.00
# Visual Studio Version 17
VisualStudioVersion = 17.13.35931.197 d17.13
MinimumVisualStudioVersion = 10.0.40219.1
Project("{F184B08F-C81C-45F6-A57F-5ABD9991F28F}") = "SocketServer", "SocketServer\SocketServer.vbproj", "{FB59766B-05C0-48D4-89F5-805867389FBC}"
EndProject
Global
	GlobalSection(SolutionConfigurationPlatforms) = preSolution
		Debug|Any CPU = Debug|Any CPU
		Release|Any CPU = Release|Any CPU
	EndGlobalSection
	GlobalSection(ProjectConfigurationPlatforms) = postSolution
		{FB59766B-05C0-48D4-89F5-805867389FBC}.Debug|Any CPU.ActiveCfg = Debug|Any CPU
		{FB59766B-05C0-48D4-89F5-805867389FBC}.Debug|Any CPU.Build.0 = Debug|Any CPU
		{FB59766B-05C0-48D4-89F5-805867389FBC}.Release|Any CPU.ActiveCfg = Release|Any CPU
		{FB59766B-05C0-48D4-89F5-805867389FBC}.Release|Any CPU.Build.0 = Release|Any CPU
	EndGlobalSection
	GlobalSection(SolutionProperties) = preSolution
		HideSolutionNode = FALSE
	EndGlobalSection
	GlobalSection(ExtensibilityGlobals) = postSolution
		SolutionGuid = {4B416687-69F5-4857-BC2E-0BCF84A8F6EE}
	EndGlobalSection
EndGlobal
